
Microsoft Visual Studio Solution File, Format Version 12.00
# Visual Studio Version 17
VisualStudioVersion = 17.4.33103.184
MinimumVisualStudioVersion = 10.0.40219.1
Project("{FAE04EC0-301F-11D3-BF4B-00C04F79EFBC}") = "task2", "task2\task2.csproj", "{FCF8A354-F6CE-4CFB-8FF3-87E6F422C78A}"
EndProject
Project("{FAE04EC0-301F-11D3-BF4B-00C04F79EFBC}") = "task3", "task3\task3.csproj", "{A779BBF5-A038-498A-B7E6-079AC0618B21}"
EndProject
Project("{FAE04EC0-301F-11D3-BF4B-00C04F79EFBC}") = "task4", "task4\task4.csproj", "{EA7A7177-058F-4F45-A434-70F5C49EE077}"
EndProject
Project("{FAE04EC0-301F-11D3-BF4B-00C04F79EFBC}") = "task5", "task5\task5.csproj", "{4E5E8578-B418-48F7-A4BF-98D6B0F52B20}"
EndProject
Project("{FAE04EC0-301F-11D3-BF4B-00C04F79EFBC}") = "task6", "task6\task6.csproj", "{3705C3CE-50EF-46F0-9895-64F8A2883218}"
EndProject
Project("{FAE04EC0-301F-11D3-BF4B-00C04F79EFBC}") = "task7", "task7\task7.csproj", "{2D077A6D-868A-4073-BE98-6761DEE6A34D}"
EndProject
Project("{FAE04EC0-301F-11D3-BF4B-00C04F79EFBC}") = "task8", "task8\task8.csproj", "{73CC7A6B-CAFA-48F4-A309-4108F0CC929C}"
EndProject
Project("{FAE04EC0-301F-11D3-BF4B-00C04F79EFBC}") = "task9", "task9\task9.csproj", "{E029F4BF-1550-4AF4-8201-D9994D9BFD6E}"
EndProject
Project("{FAE04EC0-301F-11D3-BF4B-00C04F79EFBC}") = "task10", "task10\task10.csproj", "{176BBA89-EA50-4C30-BA50-E82DC30F8D9A}"
EndProject
Project("{FAE04EC0-301F-11D3-BF4B-00C04F79EFBC}") = "task11", "task11\task11.csproj", "{4E2547B9-8315-4ADA-9109-4E13DF2E3406}"
EndProject
Project("{FAE04EC0-301F-11D3-BF4B-00C04F79EFBC}") = "task12", "task12\task12.csproj", "{D9707C16-0EFA-43A1-84AE-CEE455D610CB}"
EndProject
Project("{FAE04EC0-301F-11D3-BF4B-00C04F79EFBC}") = "task13", "task13\task13.csproj", "{6E08CAA2-73BE-437D-8778-9C0B0CDA696A}"
EndProject
Project("{FAE04EC0-301F-11D3-BF4B-00C04F79EFBC}") = "task14", "task14\task14.csproj", "{667501A5-2A81-40C4-AE51-087CDC81921B}"
EndProject
Project("{FAE04EC0-301F-11D3-BF4B-00C04F79EFBC}") = "task15", "task15\task15.csproj", "{BE2DF099-846D-45D1-BDBA-600E7BECFA1D}"
EndProject
Project("{FAE04EC0-301F-11D3-BF4B-00C04F79EFBC}") = "task16", "task16\task16.csproj", "{92ABC136-1F93-40A3-91C4-A9109C413591}"
EndProject
Project("{FAE04EC0-301F-11D3-BF4B-00C04F79EFBC}") = "task17", "task17\task17.csproj", "{CD765A11-2F91-42B4-BE54-08DCF296EBEC}"
EndProject
Project("{FAE04EC0-301F-11D3-BF4B-00C04F79EFBC}") = "task18", "task18\task18.csproj", "{CC4B291C-A415-4C54-AAC2-15991818101A}"
EndProject
Project("{FAE04EC0-301F-11D3-BF4B-00C04F79EFBC}") = "task19", "task19\task19.csproj", "{7D8C4D37-FE9A-4745-9BCF-9B98A8410F91}"
EndProject
Project("{FAE04EC0-301F-11D3-BF4B-00C04F79EFBC}") = "task20", "task20\task20.csproj", "{DDEB194A-0DC7-4FFE-84F0-8CC8FA974804}"
EndProject
Project("{FAE04EC0-301F-11D3-BF4B-00C04F79EFBC}") = "task21", "task21\task21.csproj", "{8D6D9D0B-5AD4-4AEF-9156-4B23E5E3FB37}"
EndProject
Project("{FAE04EC0-301F-11D3-BF4B-00C04F79EFBC}") = "task1", "task1\task1.csproj", "{AB2B1835-AD7F-4B31-8C6F-9702077C95F7}"
EndProject
Global
	GlobalSection(SolutionConfigurationPlatforms) = preSolution
		Debug|Any CPU = Debug|Any CPU
		Release|Any CPU = Release|Any CPU
	EndGlobalSection
	GlobalSection(ProjectConfigurationPlatforms) = postSolution
		{FCF8A354-F6CE-4CFB-8FF3-87E6F422C78A}.Debug|Any CPU.ActiveCfg = Debug|Any CPU
		{FCF8A354-F6CE-4CFB-8FF3-87E6F422C78A}.Debug|Any CPU.Build.0 = Debug|Any CPU
		{FCF8A354-F6CE-4CFB-8FF3-87E6F422C78A}.Release|Any CPU.ActiveCfg = Release|Any CPU
		{FCF8A354-F6CE-4CFB-8FF3-87E6F422C78A}.Release|Any CPU.Build.0 = Release|Any CPU
		{A779BBF5-A038-498A-B7E6-079AC0618B21}.Debug|Any CPU.ActiveCfg = Debug|Any CPU
		{A779BBF5-A038-498A-B7E6-079AC0618B21}.Debug|Any CPU.Build.0 = Debug|Any CPU
		{A779BBF5-A038-498A-B7E6-079AC0618B21}.Release|Any CPU.ActiveCfg = Release|Any CPU
		{A779BBF5-A038-498A-B7E6-079AC0618B21}.Release|Any CPU.Build.0 = Release|Any CPU
		{EA7A7177-058F-4F45-A434-70F5C49EE077}.Debug|Any CPU.ActiveCfg = Debug|Any CPU
		{EA7A7177-058F-4F45-A434-70F5C49EE077}.Debug|Any CPU.Build.0 = Debug|Any CPU
		{EA7A7177-058F-4F45-A434-70F5C49EE077}.Release|Any CPU.ActiveCfg = Release|Any CPU
		{EA7A7177-058F-4F45-A434-70F5C49EE077}.Release|Any CPU.Build.0 = Release|Any CPU
		{4E5E8578-B418-48F7-A4BF-98D6B0F52B20}.Debug|Any CPU.ActiveCfg = Debug|Any CPU
		{4E5E8578-B418-48F7-A4BF-98D6B0F52B20}.Debug|Any CPU.Build.0 = Debug|Any CPU
		{4E5E8578-B418-48F7-A4BF-98D6B0F52B20}.Release|Any CPU.ActiveCfg = Release|Any CPU
		{4E5E8578-B418-48F7-A4BF-98D6B0F52B20}.Release|Any CPU.Build.0 = Release|Any CPU
		{3705C3CE-50EF-46F0-9895-64F8A2883218}.Debug|Any CPU.ActiveCfg = Debug|Any CPU
		{3705C3CE-50EF-46F0-9895-64F8A2883218}.Debug|Any CPU.Build.0 = Debug|Any CPU
		{3705C3CE-50EF-46F0-9895-64F8A2883218}.Release|Any CPU.ActiveCfg = Release|Any CPU
		{3705C3CE-50EF-46F0-9895-64F8A2883218}.Release|Any CPU.Build.0 = Release|Any CPU
		{2D077A6D-868A-4073-BE98-6761DEE6A34D}.Debug|Any CPU.ActiveCfg = Debug|Any CPU
		{2D077A6D-868A-4073-BE98-6761DEE6A34D}.Debug|Any CPU.Build.0 = Debug|Any CPU
		{2D077A6D-868A-4073-BE98-6761DEE6A34D}.Release|Any CPU.ActiveCfg = Release|Any CPU
		{2D077A6D-868A-4073-BE98-6761DEE6A34D}.Release|Any CPU.Build.0 = Release|Any CPU
		{73CC7A6B-CAFA-48F4-A309-4108F0CC929C}.Debug|Any CPU.ActiveCfg = Debug|Any CPU
		{73CC7A6B-CAFA-48F4-A309-4108F0CC929C}.Debug|Any CPU.Build.0 = Debug|Any CPU
		{73CC7A6B-CAFA-48F4-A309-4108F0CC929C}.Release|Any CPU.ActiveCfg = Release|Any CPU
		{73CC7A6B-CAFA-48F4-A309-4108F0CC929C}.Release|Any CPU.Build.0 = Release|Any CPU
		{E029F4BF-1550-4AF4-8201-D9994D9BFD6E}.Debug|Any CPU.ActiveCfg = Debug|Any CPU
		{E029F4BF-1550-4AF4-8201-D9994D9BFD6E}.Debug|Any CPU.Build.0 = Debug|Any CPU
		{E029F4BF-1550-4AF4-8201-D9994D9BFD6E}.Release|Any CPU.ActiveCfg = Release|Any CPU
		{E029F4BF-1550-4AF4-8201-D9994D9BFD6E}.Release|Any CPU.Build.0 = Release|Any CPU
		{176BBA89-EA50-4C30-BA50-E82DC30F8D9A}.Debug|Any CPU.ActiveCfg = Debug|Any CPU
		{176BBA89-EA50-4C30-BA50-E82DC30F8D9A}.Debug|Any CPU.Build.0 = Debug|Any CPU
		{176BBA89-EA50-4C30-BA50-E82DC30F8D9A}.Release|Any CPU.ActiveCfg = Release|Any CPU
		{176BBA89-EA50-4C30-BA50-E82DC30F8D9A}.Release|Any CPU.Build.0 = Release|Any CPU
		{4E2547B9-8315-4ADA-9109-4E13DF2E3406}.Debug|Any CPU.ActiveCfg = Debug|Any CPU
		{4E2547B9-8315-4ADA-9109-4E13DF2E3406}.Debug|Any CPU.Build.0 = Debug|Any CPU
		{4E2547B9-8315-4ADA-9109-4E13DF2E3406}.Release|Any CPU.ActiveCfg = Release|Any CPU
		{4E2547B9-8315-4ADA-9109-4E13DF2E3406}.Release|Any CPU.Build.0 = Release|Any CPU
		{D9707C16-0EFA-43A1-84AE-CEE455D610CB}.Debug|Any CPU.ActiveCfg = Debug|Any CPU
		{D9707C16-0EFA-43A1-84AE-CEE455D610CB}.Debug|Any CPU.Build.0 = Debug|Any CPU
		{D9707C16-0EFA-43A1-84AE-CEE455D610CB}.Release|Any CPU.ActiveCfg = Release|Any CPU
		{D9707C16-0EFA-43A1-84AE-CEE455D610CB}.Release|Any CPU.Build.0 = Release|Any CPU
		{6E08CAA2-73BE-437D-8778-9C0B0CDA696A}.Debug|Any CPU.ActiveCfg = Debug|Any CPU
		{6E08CAA2-73BE-437D-8778-9C0B0CDA696A}.Debug|Any CPU.Build.0 = Debug|Any CPU
		{6E08CAA2-73BE-437D-8778-9C0B0CDA696A}.Release|Any CPU.ActiveCfg = Release|Any CPU
		{6E08CAA2-73BE-437D-8778-9C0B0CDA696A}.Release|Any CPU.Build.0 = Release|Any CPU
		{667501A5-2A81-40C4-AE51-087CDC81921B}.Debug|Any CPU.ActiveCfg = Debug|Any CPU
		{667501A5-2A81-40C4-AE51-087CDC81921B}.Debug|Any CPU.Build.0 = Debug|Any CPU
		{667501A5-2A81-40C4-AE51-087CDC81921B}.Release|Any CPU.ActiveCfg = Release|Any CPU
		{667501A5-2A81-40C4-AE51-087CDC81921B}.Release|Any CPU.Build.0 = Release|Any CPU
		{BE2DF099-846D-45D1-BDBA-600E7BECFA1D}.Debug|Any CPU.ActiveCfg = Debug|Any CPU
		{BE2DF099-846D-45D1-BDBA-600E7BECFA1D}.Debug|Any CPU.Build.0 = Debug|Any CPU
		{BE2DF099-846D-45D1-BDBA-600E7BECFA1D}.Release|Any CPU.ActiveCfg = Release|Any CPU
		{BE2DF099-846D-45D1-BDBA-600E7BECFA1D}.Release|Any CPU.Build.0 = Release|Any CPU
		{92ABC136-1F93-40A3-91C4-A9109C413591}.Debug|Any CPU.ActiveCfg = Debug|Any CPU
		{92ABC136-1F93-40A3-91C4-A9109C413591}.Debug|Any CPU.Build.0 = Debug|Any CPU
		{92ABC136-1F93-40A3-91C4-A9109C413591}.Release|Any CPU.ActiveCfg = Release|Any CPU
		{92ABC136-1F93-40A3-91C4-A9109C413591}.Release|Any CPU.Build.0 = Release|Any CPU
		{CD765A11-2F91-42B4-BE54-08DCF296EBEC}.Debug|Any CPU.ActiveCfg = Debug|Any CPU
		{CD765A11-2F91-42B4-BE54-08DCF296EBEC}.Debug|Any CPU.Build.0 = Debug|Any CPU
		{CD765A11-2F91-42B4-BE54-08DCF296EBEC}.Release|Any CPU.ActiveCfg = Release|Any CPU
		{CD765A11-2F91-42B4-BE54-08DCF296EBEC}.Release|Any CPU.Build.0 = Release|Any CPU
		{CC4B291C-A415-4C54-AAC2-15991818101A}.Debug|Any CPU.ActiveCfg = Debug|Any CPU
		{CC4B291C-A415-4C54-AAC2-15991818101A}.Debug|Any CPU.Build.0 = Debug|Any CPU
		{CC4B291C-A415-4C54-AAC2-15991818101A}.Release|Any CPU.ActiveCfg = Release|Any CPU
		{CC4B291C-A415-4C54-AAC2-15991818101A}.Release|Any CPU.Build.0 = Release|Any CPU
		{7D8C4D37-FE9A-4745-9BCF-9B98A8410F91}.Debug|Any CPU.ActiveCfg = Debug|Any CPU
		{7D8C4D37-FE9A-4745-9BCF-9B98A8410F91}.Debug|Any CPU.Build.0 = Debug|Any CPU
		{7D8C4D37-FE9A-4745-9BCF-9B98A8410F91}.Release|Any CPU.ActiveCfg = Release|Any CPU
		{7D8C4D37-FE9A-4745-9BCF-9B98A8410F91}.Release|Any CPU.Build.0 = Release|Any CPU
		{DDEB194A-0DC7-4FFE-84F0-8CC8FA974804}.Debug|Any CPU.ActiveCfg = Debug|Any CPU
		{DDEB194A-0DC7-4FFE-84F0-8CC8FA974804}.Debug|Any CPU.Build.0 = Debug|Any CPU
		{DDEB194A-0DC7-4FFE-84F0-8CC8FA974804}.Release|Any CPU.ActiveCfg = Release|Any CPU
		{DDEB194A-0DC7-4FFE-84F0-8CC8FA974804}.Release|Any CPU.Build.0 = Release|Any CPU
		{8D6D9D0B-5AD4-4AEF-9156-4B23E5E3FB37}.Debug|Any CPU.ActiveCfg = Debug|Any CPU
		{8D6D9D0B-5AD4-4AEF-9156-4B23E5E3FB37}.Debug|Any CPU.Build.0 = Debug|Any CPU
		{8D6D9D0B-5AD4-4AEF-9156-4B23E5E3FB37}.Release|Any CPU.ActiveCfg = Release|Any CPU
		{8D6D9D0B-5AD4-4AEF-9156-4B23E5E3FB37}.Release|Any CPU.Build.0 = Release|Any CPU
		{AB2B1835-AD7F-4B31-8C6F-9702077C95F7}.Debug|Any CPU.ActiveCfg = Debug|Any CPU
		{AB2B1835-AD7F-4B31-8C6F-9702077C95F7}.Debug|Any CPU.Build.0 = Debug|Any CPU
		{AB2B1835-AD7F-4B31-8C6F-9702077C95F7}.Release|Any CPU.ActiveCfg = Release|Any CPU
		{AB2B1835-AD7F-4B31-8C6F-9702077C95F7}.Release|Any CPU.Build.0 = Release|Any CPU
	EndGlobalSection
	GlobalSection(SolutionProperties) = preSolution
		HideSolutionNode = FALSE
	EndGlobalSection
	GlobalSection(ExtensibilityGlobals) = postSolution
		SolutionGuid = {5F773E01-BF66-4EB4-965E-9CFE812EAE66}
	EndGlobalSection
EndGlobal
