
Microsoft Visual Studio Solution File, Format Version 12.00
# Visual Studio Version 17
VisualStudioVersion = 17.4.33103.184
MinimumVisualStudioVersion = 10.0.40219.1
Project("{FAE04EC0-301F-11D3-BF4B-00C04F79EFBC}") = "task1", "task1\task1.csproj", "{8F5319CF-A4FB-4913-88C0-81F05ADCF295}"
EndProject
Project("{FAE04EC0-301F-11D3-BF4B-00C04F79EFBC}") = "task2", "task2\task2.csproj", "{36AA8676-D66C-4797-B90E-D62C2CBA7A31}"
EndProject
Project("{FAE04EC0-301F-11D3-BF4B-00C04F79EFBC}") = "task3", "task3\task3.csproj", "{D7CF7C76-3D1A-41D7-85F1-CC35A25612B3}"
EndProject
Global
	GlobalSection(SolutionConfigurationPlatforms) = preSolution
		Debug|Any CPU = Debug|Any CPU
		Release|Any CPU = Release|Any CPU
	EndGlobalSection
	GlobalSection(ProjectConfigurationPlatforms) = postSolution
		{8F5319CF-A4FB-4913-88C0-81F05ADCF295}.Debug|Any CPU.ActiveCfg = Debug|Any CPU
		{8F5319CF-A4FB-4913-88C0-81F05ADCF295}.Debug|Any CPU.Build.0 = Debug|Any CPU
		{8F5319CF-A4FB-4913-88C0-81F05ADCF295}.Release|Any CPU.ActiveCfg = Release|Any CPU
		{8F5319CF-A4FB-4913-88C0-81F05ADCF295}.Release|Any CPU.Build.0 = Release|Any CPU
		{36AA8676-D66C-4797-B90E-D62C2CBA7A31}.Debug|Any CPU.ActiveCfg = Debug|Any CPU
		{36AA8676-D66C-4797-B90E-D62C2CBA7A31}.Debug|Any CPU.Build.0 = Debug|Any CPU
		{36AA8676-D66C-4797-B90E-D62C2CBA7A31}.Release|Any CPU.ActiveCfg = Release|Any CPU
		{36AA8676-D66C-4797-B90E-D62C2CBA7A31}.Release|Any CPU.Build.0 = Release|Any CPU
		{D7CF7C76-3D1A-41D7-85F1-CC35A25612B3}.Debug|Any CPU.ActiveCfg = Debug|Any CPU
		{D7CF7C76-3D1A-41D7-85F1-CC35A25612B3}.Debug|Any CPU.Build.0 = Debug|Any CPU
		{D7CF7C76-3D1A-41D7-85F1-CC35A25612B3}.Release|Any CPU.ActiveCfg = Release|Any CPU
		{D7CF7C76-3D1A-41D7-85F1-CC35A25612B3}.Release|Any CPU.Build.0 = Release|Any CPU
	EndGlobalSection
	GlobalSection(SolutionProperties) = preSolution
		HideSolutionNode = FALSE
	EndGlobalSection
	GlobalSection(ExtensibilityGlobals) = postSolution
		SolutionGuid = {A4ACDF71-D452-4925-947E-AC93ABEA8A99}
	EndGlobalSection
EndGlobal
