
Microsoft Visual Studio Solution File, Format Version 12.00
# Visual Studio Version 17
VisualStudioVersion = 17.4.33103.184
MinimumVisualStudioVersion = 10.0.40219.1
Project("{FAE04EC0-301F-11D3-BF4B-00C04F79EFBC}") = "task1", "task1\task1.csproj", "{3CFBC238-148A-427C-85D9-DE6336EC3359}"
EndProject
Project("{FAE04EC0-301F-11D3-BF4B-00C04F79EFBC}") = "task2", "task2\task2.csproj", "{5231588F-D929-4EC0-B478-DF4775EE0E5B}"
EndProject
Global
	GlobalSection(SolutionConfigurationPlatforms) = preSolution
		Debug|Any CPU = Debug|Any CPU
		Release|Any CPU = Release|Any CPU
	EndGlobalSection
	GlobalSection(ProjectConfigurationPlatforms) = postSolution
		{3CFBC238-148A-427C-85D9-DE6336EC3359}.Debug|Any CPU.ActiveCfg = Debug|Any CPU
		{3CFBC238-148A-427C-85D9-DE6336EC3359}.Debug|Any CPU.Build.0 = Debug|Any CPU
		{3CFBC238-148A-427C-85D9-DE6336EC3359}.Release|Any CPU.ActiveCfg = Release|Any CPU
		{3CFBC238-148A-427C-85D9-DE6336EC3359}.Release|Any CPU.Build.0 = Release|Any CPU
		{5231588F-D929-4EC0-B478-DF4775EE0E5B}.Debug|Any CPU.ActiveCfg = Debug|Any CPU
		{5231588F-D929-4EC0-B478-DF4775EE0E5B}.Debug|Any CPU.Build.0 = Debug|Any CPU
		{5231588F-D929-4EC0-B478-DF4775EE0E5B}.Release|Any CPU.ActiveCfg = Release|Any CPU
		{5231588F-D929-4EC0-B478-DF4775EE0E5B}.Release|Any CPU.Build.0 = Release|Any CPU
	EndGlobalSection
	GlobalSection(SolutionProperties) = preSolution
		HideSolutionNode = FALSE
	EndGlobalSection
	GlobalSection(ExtensibilityGlobals) = postSolution
		SolutionGuid = {D45E38D4-DFD7-421F-86AD-595830640CF7}
	EndGlobalSection
EndGlobal
